
Microsoft Visual Studio Solution File, Format Version 12.00
# Visual Studio 15
VisualStudioVersion = 15.0.27004.2002
MinimumVisualStudioVersion = 10.0.40219.1
Project("{FAE04EC0-301F-11D3-BF4B-00C04F79EFBC}") = "MarsExploration", "MarsExploration\MarsExploration.csproj", "{E87458E1-646E-45B0-8C76-DBF96C1F4DDC}"
EndProject
Project("{FAE04EC0-301F-11D3-BF4B-00C04F79EFBC}") = "WpfHelpers", "WpfHelpers\WpfHelpers.csproj", "{E3C926A1-8E43-47B1-9030-7DD1A3E280B1}"
EndProject
Project("{FAE04EC0-301F-11D3-BF4B-00C04F79EFBC}") = "MarsExploration.Tests", "MarsExploration.Tests\MarsExploration.Tests.csproj", "{1BC3724F-E2EF-47F5-8D4B-8C22453EC8E1}"
EndProject
Project("{FAE04EC0-301F-11D3-BF4B-00C04F79EFBC}") = "Infrastructure", "Infrastructure\Infrastructure.csproj", "{B922BCF0-530B-4C37-8EBA-21C0C6359196}"
EndProject
Project("{FAE04EC0-301F-11D3-BF4B-00C04F79EFBC}") = "Infrastructure.Tests", "Infrastructure.Tests\Infrastructure.Tests.csproj", "{D687AFC9-B7A0-4DA8-9E1F-8A941C72A354}"
EndProject
Project("{2150E333-8FDC-42A3-9474-1A3956D46DE8}") = "CloudHandlers", "CloudHandlers", "{6444F1C2-55DD-467A-8403-D077F9C8062E}"
EndProject
Project("{2150E333-8FDC-42A3-9474-1A3956D46DE8}") = "MeasurementSources", "MeasurementSources", "{D83432B3-951E-4FF7-8B95-501B7051F590}"
EndProject
Project("{FAE04EC0-301F-11D3-BF4B-00C04F79EFBC}") = "Flow", "Flow\Flow.csproj", "{95C1D774-5DEB-40C7-B8ED-E83EE3F09C80}"
EndProject
Project("{FAE04EC0-301F-11D3-BF4B-00C04F79EFBC}") = "Flow.Tests", "Flow.Tests\Flow.Tests.csproj", "{E4D6EECF-5962-4273-A38E-BA4A938E33DA}"
EndProject
Project("{FAE04EC0-301F-11D3-BF4B-00C04F79EFBC}") = "TestStubs", "TestStubs\TestStubs.csproj", "{5755AA47-0C18-4FD3-9BC2-E6468911AE16}"
EndProject
Project("{2150E333-8FDC-42A3-9474-1A3956D46DE8}") = "Tests", "Tests", "{4DF83FEC-5A46-4386-8492-CE37E2D6C792}"
EndProject
Project("{FAE04EC0-301F-11D3-BF4B-00C04F79EFBC}") = "CloudHandlers", "MeasurementSavers\CloudHandlers.csproj", "{495B83E9-CCCE-42DE-8554-6A37778DCBAD}"
EndProject
Project("{FAE04EC0-301F-11D3-BF4B-00C04F79EFBC}") = "MeasurementSavers.Tests", "MeasurementSavers.Tests\MeasurementSavers.Tests.csproj", "{63468900-CEA2-4395-8C04-AC0DA3258450}"
EndProject
Project("{FAE04EC0-301F-11D3-BF4B-00C04F79EFBC}") = "MeasurementSources", "MeasurementSources\MeasurementSources.csproj", "{D4958A62-D83F-4044-BF39-190E5CE25EA4}"
EndProject
Project("{FAE04EC0-301F-11D3-BF4B-00C04F79EFBC}") = "MeasurementSources.Tests", "MeasurementSources.Tests\MeasurementSources.Tests.csproj", "{295B36ED-F581-4D93-97CE-2DB7031304B1}"
EndProject
Project("{FAE04EC0-301F-11D3-BF4B-00C04F79EFBC}") = "Services", "Services\Services.csproj", "{BFBD13A8-F465-4AB1-9E2B-372C482F73B4}"
EndProject
Global
	GlobalSection(SolutionConfigurationPlatforms) = preSolution
		Debug|Any CPU = Debug|Any CPU
		Debug|ARM = Debug|ARM
		Debug|x64 = Debug|x64
		Debug|x86 = Debug|x86
		Release|Any CPU = Release|Any CPU
		Release|ARM = Release|ARM
		Release|x64 = Release|x64
		Release|x86 = Release|x86
	EndGlobalSection
	GlobalSection(ProjectConfigurationPlatforms) = postSolution
		{E87458E1-646E-45B0-8C76-DBF96C1F4DDC}.Debug|Any CPU.ActiveCfg = Debug|x86
		{E87458E1-646E-45B0-8C76-DBF96C1F4DDC}.Debug|ARM.ActiveCfg = Debug|ARM
		{E87458E1-646E-45B0-8C76-DBF96C1F4DDC}.Debug|ARM.Build.0 = Debug|ARM
		{E87458E1-646E-45B0-8C76-DBF96C1F4DDC}.Debug|ARM.Deploy.0 = Debug|ARM
		{E87458E1-646E-45B0-8C76-DBF96C1F4DDC}.Debug|x64.ActiveCfg = Debug|x64
		{E87458E1-646E-45B0-8C76-DBF96C1F4DDC}.Debug|x64.Build.0 = Debug|x64
		{E87458E1-646E-45B0-8C76-DBF96C1F4DDC}.Debug|x64.Deploy.0 = Debug|x64
		{E87458E1-646E-45B0-8C76-DBF96C1F4DDC}.Debug|x86.ActiveCfg = Debug|x86
		{E87458E1-646E-45B0-8C76-DBF96C1F4DDC}.Debug|x86.Build.0 = Debug|x86
		{E87458E1-646E-45B0-8C76-DBF96C1F4DDC}.Debug|x86.Deploy.0 = Debug|x86
		{E87458E1-646E-45B0-8C76-DBF96C1F4DDC}.Release|Any CPU.ActiveCfg = Release|x86
		{E87458E1-646E-45B0-8C76-DBF96C1F4DDC}.Release|ARM.ActiveCfg = Release|ARM
		{E87458E1-646E-45B0-8C76-DBF96C1F4DDC}.Release|ARM.Build.0 = Release|ARM
		{E87458E1-646E-45B0-8C76-DBF96C1F4DDC}.Release|ARM.Deploy.0 = Release|ARM
		{E87458E1-646E-45B0-8C76-DBF96C1F4DDC}.Release|x64.ActiveCfg = Release|x64
		{E87458E1-646E-45B0-8C76-DBF96C1F4DDC}.Release|x64.Build.0 = Release|x64
		{E87458E1-646E-45B0-8C76-DBF96C1F4DDC}.Release|x64.Deploy.0 = Release|x64
		{E87458E1-646E-45B0-8C76-DBF96C1F4DDC}.Release|x86.ActiveCfg = Release|x86
		{E87458E1-646E-45B0-8C76-DBF96C1F4DDC}.Release|x86.Build.0 = Release|x86
		{E87458E1-646E-45B0-8C76-DBF96C1F4DDC}.Release|x86.Deploy.0 = Release|x86
		{E3C926A1-8E43-47B1-9030-7DD1A3E280B1}.Debug|Any CPU.ActiveCfg = Debug|Any CPU
		{E3C926A1-8E43-47B1-9030-7DD1A3E280B1}.Debug|Any CPU.Build.0 = Debug|Any CPU
		{E3C926A1-8E43-47B1-9030-7DD1A3E280B1}.Debug|ARM.ActiveCfg = Debug|ARM
		{E3C926A1-8E43-47B1-9030-7DD1A3E280B1}.Debug|ARM.Build.0 = Debug|ARM
		{E3C926A1-8E43-47B1-9030-7DD1A3E280B1}.Debug|x64.ActiveCfg = Debug|x64
		{E3C926A1-8E43-47B1-9030-7DD1A3E280B1}.Debug|x64.Build.0 = Debug|x64
		{E3C926A1-8E43-47B1-9030-7DD1A3E280B1}.Debug|x86.ActiveCfg = Debug|x86
		{E3C926A1-8E43-47B1-9030-7DD1A3E280B1}.Debug|x86.Build.0 = Debug|x86
		{E3C926A1-8E43-47B1-9030-7DD1A3E280B1}.Release|Any CPU.ActiveCfg = Release|Any CPU
		{E3C926A1-8E43-47B1-9030-7DD1A3E280B1}.Release|Any CPU.Build.0 = Release|Any CPU
		{E3C926A1-8E43-47B1-9030-7DD1A3E280B1}.Release|ARM.ActiveCfg = Release|ARM
		{E3C926A1-8E43-47B1-9030-7DD1A3E280B1}.Release|ARM.Build.0 = Release|ARM
		{E3C926A1-8E43-47B1-9030-7DD1A3E280B1}.Release|x64.ActiveCfg = Release|x64
		{E3C926A1-8E43-47B1-9030-7DD1A3E280B1}.Release|x64.Build.0 = Release|x64
		{E3C926A1-8E43-47B1-9030-7DD1A3E280B1}.Release|x86.ActiveCfg = Release|x86
		{E3C926A1-8E43-47B1-9030-7DD1A3E280B1}.Release|x86.Build.0 = Release|x86
		{1BC3724F-E2EF-47F5-8D4B-8C22453EC8E1}.Debug|Any CPU.ActiveCfg = Debug|x86
		{1BC3724F-E2EF-47F5-8D4B-8C22453EC8E1}.Debug|ARM.ActiveCfg = Debug|ARM
		{1BC3724F-E2EF-47F5-8D4B-8C22453EC8E1}.Debug|ARM.Build.0 = Debug|ARM
		{1BC3724F-E2EF-47F5-8D4B-8C22453EC8E1}.Debug|ARM.Deploy.0 = Debug|ARM
		{1BC3724F-E2EF-47F5-8D4B-8C22453EC8E1}.Debug|x64.ActiveCfg = Debug|x64
		{1BC3724F-E2EF-47F5-8D4B-8C22453EC8E1}.Debug|x64.Build.0 = Debug|x64
		{1BC3724F-E2EF-47F5-8D4B-8C22453EC8E1}.Debug|x64.Deploy.0 = Debug|x64
		{1BC3724F-E2EF-47F5-8D4B-8C22453EC8E1}.Debug|x86.ActiveCfg = Debug|x86
		{1BC3724F-E2EF-47F5-8D4B-8C22453EC8E1}.Debug|x86.Build.0 = Debug|x86
		{1BC3724F-E2EF-47F5-8D4B-8C22453EC8E1}.Debug|x86.Deploy.0 = Debug|x86
		{1BC3724F-E2EF-47F5-8D4B-8C22453EC8E1}.Release|Any CPU.ActiveCfg = Release|x86
		{1BC3724F-E2EF-47F5-8D4B-8C22453EC8E1}.Release|ARM.ActiveCfg = Release|ARM
		{1BC3724F-E2EF-47F5-8D4B-8C22453EC8E1}.Release|ARM.Build.0 = Release|ARM
		{1BC3724F-E2EF-47F5-8D4B-8C22453EC8E1}.Release|ARM.Deploy.0 = Release|ARM
		{1BC3724F-E2EF-47F5-8D4B-8C22453EC8E1}.Release|x64.ActiveCfg = Release|x64
		{1BC3724F-E2EF-47F5-8D4B-8C22453EC8E1}.Release|x64.Build.0 = Release|x64
		{1BC3724F-E2EF-47F5-8D4B-8C22453EC8E1}.Release|x64.Deploy.0 = Release|x64
		{1BC3724F-E2EF-47F5-8D4B-8C22453EC8E1}.Release|x86.ActiveCfg = Release|x86
		{1BC3724F-E2EF-47F5-8D4B-8C22453EC8E1}.Release|x86.Build.0 = Release|x86
		{1BC3724F-E2EF-47F5-8D4B-8C22453EC8E1}.Release|x86.Deploy.0 = Release|x86
		{B922BCF0-530B-4C37-8EBA-21C0C6359196}.Debug|Any CPU.ActiveCfg = Debug|Any CPU
		{B922BCF0-530B-4C37-8EBA-21C0C6359196}.Debug|Any CPU.Build.0 = Debug|Any CPU
		{B922BCF0-530B-4C37-8EBA-21C0C6359196}.Debug|ARM.ActiveCfg = Debug|ARM
		{B922BCF0-530B-4C37-8EBA-21C0C6359196}.Debug|ARM.Build.0 = Debug|ARM
		{B922BCF0-530B-4C37-8EBA-21C0C6359196}.Debug|x64.ActiveCfg = Debug|x64
		{B922BCF0-530B-4C37-8EBA-21C0C6359196}.Debug|x64.Build.0 = Debug|x64
		{B922BCF0-530B-4C37-8EBA-21C0C6359196}.Debug|x86.ActiveCfg = Debug|x86
		{B922BCF0-530B-4C37-8EBA-21C0C6359196}.Debug|x86.Build.0 = Debug|x86
		{B922BCF0-530B-4C37-8EBA-21C0C6359196}.Release|Any CPU.ActiveCfg = Release|Any CPU
		{B922BCF0-530B-4C37-8EBA-21C0C6359196}.Release|Any CPU.Build.0 = Release|Any CPU
		{B922BCF0-530B-4C37-8EBA-21C0C6359196}.Release|ARM.ActiveCfg = Release|ARM
		{B922BCF0-530B-4C37-8EBA-21C0C6359196}.Release|ARM.Build.0 = Release|ARM
		{B922BCF0-530B-4C37-8EBA-21C0C6359196}.Release|x64.ActiveCfg = Release|x64
		{B922BCF0-530B-4C37-8EBA-21C0C6359196}.Release|x64.Build.0 = Release|x64
		{B922BCF0-530B-4C37-8EBA-21C0C6359196}.Release|x86.ActiveCfg = Release|x86
		{B922BCF0-530B-4C37-8EBA-21C0C6359196}.Release|x86.Build.0 = Release|x86
		{D687AFC9-B7A0-4DA8-9E1F-8A941C72A354}.Debug|Any CPU.ActiveCfg = Debug|x86
		{D687AFC9-B7A0-4DA8-9E1F-8A941C72A354}.Debug|ARM.ActiveCfg = Debug|ARM
		{D687AFC9-B7A0-4DA8-9E1F-8A941C72A354}.Debug|ARM.Build.0 = Debug|ARM
		{D687AFC9-B7A0-4DA8-9E1F-8A941C72A354}.Debug|ARM.Deploy.0 = Debug|ARM
		{D687AFC9-B7A0-4DA8-9E1F-8A941C72A354}.Debug|x64.ActiveCfg = Debug|x64
		{D687AFC9-B7A0-4DA8-9E1F-8A941C72A354}.Debug|x64.Build.0 = Debug|x64
		{D687AFC9-B7A0-4DA8-9E1F-8A941C72A354}.Debug|x64.Deploy.0 = Debug|x64
		{D687AFC9-B7A0-4DA8-9E1F-8A941C72A354}.Debug|x86.ActiveCfg = Debug|x86
		{D687AFC9-B7A0-4DA8-9E1F-8A941C72A354}.Debug|x86.Build.0 = Debug|x86
		{D687AFC9-B7A0-4DA8-9E1F-8A941C72A354}.Debug|x86.Deploy.0 = Debug|x86
		{D687AFC9-B7A0-4DA8-9E1F-8A941C72A354}.Release|Any CPU.ActiveCfg = Release|x86
		{D687AFC9-B7A0-4DA8-9E1F-8A941C72A354}.Release|ARM.ActiveCfg = Release|ARM
		{D687AFC9-B7A0-4DA8-9E1F-8A941C72A354}.Release|ARM.Build.0 = Release|ARM
		{D687AFC9-B7A0-4DA8-9E1F-8A941C72A354}.Release|ARM.Deploy.0 = Release|ARM
		{D687AFC9-B7A0-4DA8-9E1F-8A941C72A354}.Release|x64.ActiveCfg = Release|x64
		{D687AFC9-B7A0-4DA8-9E1F-8A941C72A354}.Release|x64.Build.0 = Release|x64
		{D687AFC9-B7A0-4DA8-9E1F-8A941C72A354}.Release|x64.Deploy.0 = Release|x64
		{D687AFC9-B7A0-4DA8-9E1F-8A941C72A354}.Release|x86.ActiveCfg = Release|x86
		{D687AFC9-B7A0-4DA8-9E1F-8A941C72A354}.Release|x86.Build.0 = Release|x86
		{D687AFC9-B7A0-4DA8-9E1F-8A941C72A354}.Release|x86.Deploy.0 = Release|x86
		{95C1D774-5DEB-40C7-B8ED-E83EE3F09C80}.Debug|Any CPU.ActiveCfg = Debug|Any CPU
		{95C1D774-5DEB-40C7-B8ED-E83EE3F09C80}.Debug|Any CPU.Build.0 = Debug|Any CPU
		{95C1D774-5DEB-40C7-B8ED-E83EE3F09C80}.Debug|ARM.ActiveCfg = Debug|ARM
		{95C1D774-5DEB-40C7-B8ED-E83EE3F09C80}.Debug|ARM.Build.0 = Debug|ARM
		{95C1D774-5DEB-40C7-B8ED-E83EE3F09C80}.Debug|x64.ActiveCfg = Debug|x64
		{95C1D774-5DEB-40C7-B8ED-E83EE3F09C80}.Debug|x64.Build.0 = Debug|x64
		{95C1D774-5DEB-40C7-B8ED-E83EE3F09C80}.Debug|x86.ActiveCfg = Debug|x86
		{95C1D774-5DEB-40C7-B8ED-E83EE3F09C80}.Debug|x86.Build.0 = Debug|x86
		{95C1D774-5DEB-40C7-B8ED-E83EE3F09C80}.Release|Any CPU.ActiveCfg = Release|Any CPU
		{95C1D774-5DEB-40C7-B8ED-E83EE3F09C80}.Release|Any CPU.Build.0 = Release|Any CPU
		{95C1D774-5DEB-40C7-B8ED-E83EE3F09C80}.Release|ARM.ActiveCfg = Release|ARM
		{95C1D774-5DEB-40C7-B8ED-E83EE3F09C80}.Release|ARM.Build.0 = Release|ARM
		{95C1D774-5DEB-40C7-B8ED-E83EE3F09C80}.Release|x64.ActiveCfg = Release|x64
		{95C1D774-5DEB-40C7-B8ED-E83EE3F09C80}.Release|x64.Build.0 = Release|x64
		{95C1D774-5DEB-40C7-B8ED-E83EE3F09C80}.Release|x86.ActiveCfg = Release|x86
		{95C1D774-5DEB-40C7-B8ED-E83EE3F09C80}.Release|x86.Build.0 = Release|x86
		{E4D6EECF-5962-4273-A38E-BA4A938E33DA}.Debug|Any CPU.ActiveCfg = Debug|x86
		{E4D6EECF-5962-4273-A38E-BA4A938E33DA}.Debug|ARM.ActiveCfg = Debug|ARM
		{E4D6EECF-5962-4273-A38E-BA4A938E33DA}.Debug|ARM.Build.0 = Debug|ARM
		{E4D6EECF-5962-4273-A38E-BA4A938E33DA}.Debug|ARM.Deploy.0 = Debug|ARM
		{E4D6EECF-5962-4273-A38E-BA4A938E33DA}.Debug|x64.ActiveCfg = Debug|x64
		{E4D6EECF-5962-4273-A38E-BA4A938E33DA}.Debug|x64.Build.0 = Debug|x64
		{E4D6EECF-5962-4273-A38E-BA4A938E33DA}.Debug|x64.Deploy.0 = Debug|x64
		{E4D6EECF-5962-4273-A38E-BA4A938E33DA}.Debug|x86.ActiveCfg = Debug|x86
		{E4D6EECF-5962-4273-A38E-BA4A938E33DA}.Debug|x86.Build.0 = Debug|x86
		{E4D6EECF-5962-4273-A38E-BA4A938E33DA}.Debug|x86.Deploy.0 = Debug|x86
		{E4D6EECF-5962-4273-A38E-BA4A938E33DA}.Release|Any CPU.ActiveCfg = Release|x86
		{E4D6EECF-5962-4273-A38E-BA4A938E33DA}.Release|ARM.ActiveCfg = Release|ARM
		{E4D6EECF-5962-4273-A38E-BA4A938E33DA}.Release|ARM.Build.0 = Release|ARM
		{E4D6EECF-5962-4273-A38E-BA4A938E33DA}.Release|ARM.Deploy.0 = Release|ARM
		{E4D6EECF-5962-4273-A38E-BA4A938E33DA}.Release|x64.ActiveCfg = Release|x64
		{E4D6EECF-5962-4273-A38E-BA4A938E33DA}.Release|x64.Build.0 = Release|x64
		{E4D6EECF-5962-4273-A38E-BA4A938E33DA}.Release|x64.Deploy.0 = Release|x64
		{E4D6EECF-5962-4273-A38E-BA4A938E33DA}.Release|x86.ActiveCfg = Release|x86
		{E4D6EECF-5962-4273-A38E-BA4A938E33DA}.Release|x86.Build.0 = Release|x86
		{E4D6EECF-5962-4273-A38E-BA4A938E33DA}.Release|x86.Deploy.0 = Release|x86
		{5755AA47-0C18-4FD3-9BC2-E6468911AE16}.Debug|Any CPU.ActiveCfg = Debug|Any CPU
		{5755AA47-0C18-4FD3-9BC2-E6468911AE16}.Debug|Any CPU.Build.0 = Debug|Any CPU
		{5755AA47-0C18-4FD3-9BC2-E6468911AE16}.Debug|ARM.ActiveCfg = Debug|ARM
		{5755AA47-0C18-4FD3-9BC2-E6468911AE16}.Debug|ARM.Build.0 = Debug|ARM
		{5755AA47-0C18-4FD3-9BC2-E6468911AE16}.Debug|x64.ActiveCfg = Debug|x64
		{5755AA47-0C18-4FD3-9BC2-E6468911AE16}.Debug|x64.Build.0 = Debug|x64
		{5755AA47-0C18-4FD3-9BC2-E6468911AE16}.Debug|x86.ActiveCfg = Debug|x86
		{5755AA47-0C18-4FD3-9BC2-E6468911AE16}.Debug|x86.Build.0 = Debug|x86
		{5755AA47-0C18-4FD3-9BC2-E6468911AE16}.Release|Any CPU.ActiveCfg = Release|Any CPU
		{5755AA47-0C18-4FD3-9BC2-E6468911AE16}.Release|Any CPU.Build.0 = Release|Any CPU
		{5755AA47-0C18-4FD3-9BC2-E6468911AE16}.Release|ARM.ActiveCfg = Release|ARM
		{5755AA47-0C18-4FD3-9BC2-E6468911AE16}.Release|ARM.Build.0 = Release|ARM
		{5755AA47-0C18-4FD3-9BC2-E6468911AE16}.Release|x64.ActiveCfg = Release|x64
		{5755AA47-0C18-4FD3-9BC2-E6468911AE16}.Release|x64.Build.0 = Release|x64
		{5755AA47-0C18-4FD3-9BC2-E6468911AE16}.Release|x86.ActiveCfg = Release|x86
		{5755AA47-0C18-4FD3-9BC2-E6468911AE16}.Release|x86.Build.0 = Release|x86
		{495B83E9-CCCE-42DE-8554-6A37778DCBAD}.Debug|Any CPU.ActiveCfg = Debug|Any CPU
		{495B83E9-CCCE-42DE-8554-6A37778DCBAD}.Debug|Any CPU.Build.0 = Debug|Any CPU
		{495B83E9-CCCE-42DE-8554-6A37778DCBAD}.Debug|ARM.ActiveCfg = Debug|ARM
		{495B83E9-CCCE-42DE-8554-6A37778DCBAD}.Debug|ARM.Build.0 = Debug|ARM
		{495B83E9-CCCE-42DE-8554-6A37778DCBAD}.Debug|x64.ActiveCfg = Debug|x64
		{495B83E9-CCCE-42DE-8554-6A37778DCBAD}.Debug|x64.Build.0 = Debug|x64
		{495B83E9-CCCE-42DE-8554-6A37778DCBAD}.Debug|x86.ActiveCfg = Debug|x86
		{495B83E9-CCCE-42DE-8554-6A37778DCBAD}.Debug|x86.Build.0 = Debug|x86
		{495B83E9-CCCE-42DE-8554-6A37778DCBAD}.Release|Any CPU.ActiveCfg = Release|Any CPU
		{495B83E9-CCCE-42DE-8554-6A37778DCBAD}.Release|Any CPU.Build.0 = Release|Any CPU
		{495B83E9-CCCE-42DE-8554-6A37778DCBAD}.Release|ARM.ActiveCfg = Release|ARM
		{495B83E9-CCCE-42DE-8554-6A37778DCBAD}.Release|ARM.Build.0 = Release|ARM
		{495B83E9-CCCE-42DE-8554-6A37778DCBAD}.Release|x64.ActiveCfg = Release|x64
		{495B83E9-CCCE-42DE-8554-6A37778DCBAD}.Release|x64.Build.0 = Release|x64
		{495B83E9-CCCE-42DE-8554-6A37778DCBAD}.Release|x86.ActiveCfg = Release|x86
		{495B83E9-CCCE-42DE-8554-6A37778DCBAD}.Release|x86.Build.0 = Release|x86
		{63468900-CEA2-4395-8C04-AC0DA3258450}.Debug|Any CPU.ActiveCfg = Debug|x86
		{63468900-CEA2-4395-8C04-AC0DA3258450}.Debug|ARM.ActiveCfg = Debug|ARM
		{63468900-CEA2-4395-8C04-AC0DA3258450}.Debug|ARM.Build.0 = Debug|ARM
		{63468900-CEA2-4395-8C04-AC0DA3258450}.Debug|ARM.Deploy.0 = Debug|ARM
		{63468900-CEA2-4395-8C04-AC0DA3258450}.Debug|x64.ActiveCfg = Debug|x64
		{63468900-CEA2-4395-8C04-AC0DA3258450}.Debug|x64.Build.0 = Debug|x64
		{63468900-CEA2-4395-8C04-AC0DA3258450}.Debug|x64.Deploy.0 = Debug|x64
		{63468900-CEA2-4395-8C04-AC0DA3258450}.Debug|x86.ActiveCfg = Debug|x86
		{63468900-CEA2-4395-8C04-AC0DA3258450}.Debug|x86.Build.0 = Debug|x86
		{63468900-CEA2-4395-8C04-AC0DA3258450}.Debug|x86.Deploy.0 = Debug|x86
		{63468900-CEA2-4395-8C04-AC0DA3258450}.Release|Any CPU.ActiveCfg = Release|x86
		{63468900-CEA2-4395-8C04-AC0DA3258450}.Release|ARM.ActiveCfg = Release|ARM
		{63468900-CEA2-4395-8C04-AC0DA3258450}.Release|ARM.Build.0 = Release|ARM
		{63468900-CEA2-4395-8C04-AC0DA3258450}.Release|ARM.Deploy.0 = Release|ARM
		{63468900-CEA2-4395-8C04-AC0DA3258450}.Release|x64.ActiveCfg = Release|x64
		{63468900-CEA2-4395-8C04-AC0DA3258450}.Release|x64.Build.0 = Release|x64
		{63468900-CEA2-4395-8C04-AC0DA3258450}.Release|x64.Deploy.0 = Release|x64
		{63468900-CEA2-4395-8C04-AC0DA3258450}.Release|x86.ActiveCfg = Release|x86
		{63468900-CEA2-4395-8C04-AC0DA3258450}.Release|x86.Build.0 = Release|x86
		{63468900-CEA2-4395-8C04-AC0DA3258450}.Release|x86.Deploy.0 = Release|x86
		{D4958A62-D83F-4044-BF39-190E5CE25EA4}.Debug|Any CPU.ActiveCfg = Debug|Any CPU
		{D4958A62-D83F-4044-BF39-190E5CE25EA4}.Debug|Any CPU.Build.0 = Debug|Any CPU
		{D4958A62-D83F-4044-BF39-190E5CE25EA4}.Debug|ARM.ActiveCfg = Debug|ARM
		{D4958A62-D83F-4044-BF39-190E5CE25EA4}.Debug|ARM.Build.0 = Debug|ARM
		{D4958A62-D83F-4044-BF39-190E5CE25EA4}.Debug|x64.ActiveCfg = Debug|x64
		{D4958A62-D83F-4044-BF39-190E5CE25EA4}.Debug|x64.Build.0 = Debug|x64
		{D4958A62-D83F-4044-BF39-190E5CE25EA4}.Debug|x86.ActiveCfg = Debug|x86
		{D4958A62-D83F-4044-BF39-190E5CE25EA4}.Debug|x86.Build.0 = Debug|x86
		{D4958A62-D83F-4044-BF39-190E5CE25EA4}.Release|Any CPU.ActiveCfg = Release|Any CPU
		{D4958A62-D83F-4044-BF39-190E5CE25EA4}.Release|Any CPU.Build.0 = Release|Any CPU
		{D4958A62-D83F-4044-BF39-190E5CE25EA4}.Release|ARM.ActiveCfg = Release|ARM
		{D4958A62-D83F-4044-BF39-190E5CE25EA4}.Release|ARM.Build.0 = Release|ARM
		{D4958A62-D83F-4044-BF39-190E5CE25EA4}.Release|x64.ActiveCfg = Release|x64
		{D4958A62-D83F-4044-BF39-190E5CE25EA4}.Release|x64.Build.0 = Release|x64
		{D4958A62-D83F-4044-BF39-190E5CE25EA4}.Release|x86.ActiveCfg = Release|x86
		{D4958A62-D83F-4044-BF39-190E5CE25EA4}.Release|x86.Build.0 = Release|x86
		{295B36ED-F581-4D93-97CE-2DB7031304B1}.Debug|Any CPU.ActiveCfg = Debug|x86
		{295B36ED-F581-4D93-97CE-2DB7031304B1}.Debug|ARM.ActiveCfg = Debug|ARM
		{295B36ED-F581-4D93-97CE-2DB7031304B1}.Debug|ARM.Build.0 = Debug|ARM
		{295B36ED-F581-4D93-97CE-2DB7031304B1}.Debug|ARM.Deploy.0 = Debug|ARM
		{295B36ED-F581-4D93-97CE-2DB7031304B1}.Debug|x64.ActiveCfg = Debug|x64
		{295B36ED-F581-4D93-97CE-2DB7031304B1}.Debug|x64.Build.0 = Debug|x64
		{295B36ED-F581-4D93-97CE-2DB7031304B1}.Debug|x64.Deploy.0 = Debug|x64
		{295B36ED-F581-4D93-97CE-2DB7031304B1}.Debug|x86.ActiveCfg = Debug|x86
		{295B36ED-F581-4D93-97CE-2DB7031304B1}.Debug|x86.Build.0 = Debug|x86
		{295B36ED-F581-4D93-97CE-2DB7031304B1}.Debug|x86.Deploy.0 = Debug|x86
		{295B36ED-F581-4D93-97CE-2DB7031304B1}.Release|Any CPU.ActiveCfg = Release|x86
		{295B36ED-F581-4D93-97CE-2DB7031304B1}.Release|ARM.ActiveCfg = Release|ARM
		{295B36ED-F581-4D93-97CE-2DB7031304B1}.Release|ARM.Build.0 = Release|ARM
		{295B36ED-F581-4D93-97CE-2DB7031304B1}.Release|ARM.Deploy.0 = Release|ARM
		{295B36ED-F581-4D93-97CE-2DB7031304B1}.Release|x64.ActiveCfg = Release|x64
		{295B36ED-F581-4D93-97CE-2DB7031304B1}.Release|x64.Build.0 = Release|x64
		{295B36ED-F581-4D93-97CE-2DB7031304B1}.Release|x64.Deploy.0 = Release|x64
		{295B36ED-F581-4D93-97CE-2DB7031304B1}.Release|x86.ActiveCfg = Release|x86
		{295B36ED-F581-4D93-97CE-2DB7031304B1}.Release|x86.Build.0 = Release|x86
		{295B36ED-F581-4D93-97CE-2DB7031304B1}.Release|x86.Deploy.0 = Release|x86
		{BFBD13A8-F465-4AB1-9E2B-372C482F73B4}.Debug|Any CPU.ActiveCfg = Debug|Any CPU
		{BFBD13A8-F465-4AB1-9E2B-372C482F73B4}.Debug|Any CPU.Build.0 = Debug|Any CPU
		{BFBD13A8-F465-4AB1-9E2B-372C482F73B4}.Debug|ARM.ActiveCfg = Debug|ARM
		{BFBD13A8-F465-4AB1-9E2B-372C482F73B4}.Debug|ARM.Build.0 = Debug|ARM
		{BFBD13A8-F465-4AB1-9E2B-372C482F73B4}.Debug|x64.ActiveCfg = Debug|x64
		{BFBD13A8-F465-4AB1-9E2B-372C482F73B4}.Debug|x64.Build.0 = Debug|x64
		{BFBD13A8-F465-4AB1-9E2B-372C482F73B4}.Debug|x86.ActiveCfg = Debug|x86
		{BFBD13A8-F465-4AB1-9E2B-372C482F73B4}.Debug|x86.Build.0 = Debug|x86
		{BFBD13A8-F465-4AB1-9E2B-372C482F73B4}.Release|Any CPU.ActiveCfg = Release|Any CPU
		{BFBD13A8-F465-4AB1-9E2B-372C482F73B4}.Release|Any CPU.Build.0 = Release|Any CPU
		{BFBD13A8-F465-4AB1-9E2B-372C482F73B4}.Release|ARM.ActiveCfg = Release|ARM
		{BFBD13A8-F465-4AB1-9E2B-372C482F73B4}.Release|ARM.Build.0 = Release|ARM
		{BFBD13A8-F465-4AB1-9E2B-372C482F73B4}.Release|x64.ActiveCfg = Release|x64
		{BFBD13A8-F465-4AB1-9E2B-372C482F73B4}.Release|x64.Build.0 = Release|x64
		{BFBD13A8-F465-4AB1-9E2B-372C482F73B4}.Release|x86.ActiveCfg = Release|x86
		{BFBD13A8-F465-4AB1-9E2B-372C482F73B4}.Release|x86.Build.0 = Release|x86
	EndGlobalSection
	GlobalSection(SolutionProperties) = preSolution
		HideSolutionNode = FALSE
	EndGlobalSection
	GlobalSection(NestedProjects) = preSolution
		{1BC3724F-E2EF-47F5-8D4B-8C22453EC8E1} = {4DF83FEC-5A46-4386-8492-CE37E2D6C792}
		{D687AFC9-B7A0-4DA8-9E1F-8A941C72A354} = {4DF83FEC-5A46-4386-8492-CE37E2D6C792}
		{E4D6EECF-5962-4273-A38E-BA4A938E33DA} = {4DF83FEC-5A46-4386-8492-CE37E2D6C792}
		{5755AA47-0C18-4FD3-9BC2-E6468911AE16} = {4DF83FEC-5A46-4386-8492-CE37E2D6C792}
		{495B83E9-CCCE-42DE-8554-6A37778DCBAD} = {6444F1C2-55DD-467A-8403-D077F9C8062E}
		{63468900-CEA2-4395-8C04-AC0DA3258450} = {4DF83FEC-5A46-4386-8492-CE37E2D6C792}
		{D4958A62-D83F-4044-BF39-190E5CE25EA4} = {D83432B3-951E-4FF7-8B95-501B7051F590}
		{295B36ED-F581-4D93-97CE-2DB7031304B1} = {4DF83FEC-5A46-4386-8492-CE37E2D6C792}
	EndGlobalSection
	GlobalSection(ExtensibilityGlobals) = postSolution
		SolutionGuid = {ED9347B0-F0B7-4292-8DF5-19ABC8CE45C7}
	EndGlobalSection
EndGlobal
